// !$*UTF8*$!
{
	archiveVersion = 1;
	classes = {
	};
	objectVersion = 56;
	objects = {

/* Begin PBXBuildFile section */
		60210B7E2B6982B800F25995 /* ConversionViewModel.swift in Sources */ = {isa = PBXBuildFile; fileRef = 60210B7D2B6982B800F25995 /* ConversionViewModel.swift */; };
		60210B802B69843A00F25995 /* AppetizerTabView.swift in Sources */ = {isa = PBXBuildFile; fileRef = 60210B7F2B69843A00F25995 /* AppetizerTabView.swift */; };
		60210B822B69845A00F25995 /* AppetizerView.swift in Sources */ = {isa = PBXBuildFile; fileRef = 60210B812B69845A00F25995 /* AppetizerView.swift */; };
		60210B842B69846300F25995 /* AccountView.swift in Sources */ = {isa = PBXBuildFile; fileRef = 60210B832B69846300F25995 /* AccountView.swift */; };
		60210B862B69846B00F25995 /* OrderView.swift in Sources */ = {isa = PBXBuildFile; fileRef = 60210B852B69846B00F25995 /* OrderView.swift */; };
		6025815A2B5F87DE0015816D /* SwiftUIMiniProjectsApp.swift in Sources */ = {isa = PBXBuildFile; fileRef = 602581592B5F87DE0015816D /* SwiftUIMiniProjectsApp.swift */; };
		6025815C2B5F87DE0015816D /* WeatherAppView.swift in Sources */ = {isa = PBXBuildFile; fileRef = 6025815B2B5F87DE0015816D /* WeatherAppView.swift */; };
		6025815E2B5F87E00015816D /* Assets.xcassets in Resources */ = {isa = PBXBuildFile; fileRef = 6025815D2B5F87E00015816D /* Assets.xcassets */; };
		602581612B5F87E00015816D /* Preview Assets.xcassets in Resources */ = {isa = PBXBuildFile; fileRef = 602581602B5F87E00015816D /* Preview Assets.xcassets */; };
		602581702B5F87E00015816D /* SwiftUIMiniProjectsTests.swift in Sources */ = {isa = PBXBuildFile; fileRef = 6025816F2B5F87E00015816D /* SwiftUIMiniProjectsTests.swift */; };
		6025817A2B5F87E00015816D /* SwiftUIMiniProjectsUITests.swift in Sources */ = {isa = PBXBuildFile; fileRef = 602581792B5F87E00015816D /* SwiftUIMiniProjectsUITests.swift */; };
		6025817C2B5F87E00015816D /* SwiftUIMiniProjectsUITestsLaunchTests.swift in Sources */ = {isa = PBXBuildFile; fileRef = 6025817B2B5F87E00015816D /* SwiftUIMiniProjectsUITestsLaunchTests.swift */; };
		602581892B5F88290015816D /* GridAppleFrameworkView.swift in Sources */ = {isa = PBXBuildFile; fileRef = 602581882B5F88290015816D /* GridAppleFrameworkView.swift */; };
		6025818B2B5F88BF0015816D /* AppleFrameworkModel.swift in Sources */ = {isa = PBXBuildFile; fileRef = 6025818A2B5F88BF0015816D /* AppleFrameworkModel.swift */; };
		6025818D2B5F8FEB0015816D /* DetailFrameworkView.swift in Sources */ = {isa = PBXBuildFile; fileRef = 6025818C2B5F8FEB0015816D /* DetailFrameworkView.swift */; };
		6025818F2B5F98990015816D /* AppleFrameworkViewModel.swift in Sources */ = {isa = PBXBuildFile; fileRef = 6025818E2B5F98990015816D /* AppleFrameworkViewModel.swift */; };
		6044C8552B6743ED006CE937 /* AdaptiveSwitchViewModel.swift in Sources */ = {isa = PBXBuildFile; fileRef = 6044C8542B6743ED006CE937 /* AdaptiveSwitchViewModel.swift */; };
		60659FF42B61BF1600123D2E /* CocktailEntryVC.swift in Sources */ = {isa = PBXBuildFile; fileRef = 60659FF32B61BF1600123D2E /* CocktailEntryVC.swift */; };
		60659FF82B61BF9500123D2E /* CocktailModel.swift in Sources */ = {isa = PBXBuildFile; fileRef = 60659FF72B61BF9500123D2E /* CocktailModel.swift */; };
		60659FFA2B61D33300123D2E /* CocktailDetailScreen.swift in Sources */ = {isa = PBXBuildFile; fileRef = 60659FF92B61D33300123D2E /* CocktailDetailScreen.swift */; };
		60659FFC2B65110B00123D2E /* AdaptiveSwitchCaseView.swift in Sources */ = {isa = PBXBuildFile; fileRef = 60659FFB2B65110B00123D2E /* AdaptiveSwitchCaseView.swift */; };
		6065A00B2B65BEEA00123D2E /* SwitchModel.xcdatamodeld in Sources */ = {isa = PBXBuildFile; fileRef = 6065A0092B65BEEA00123D2E /* SwitchModel.xcdatamodeld */; };
		6065A00E2B65BF5000123D2E /* AdaptiveSwitchData+CoreDataClass.swift in Sources */ = {isa = PBXBuildFile; fileRef = 6065A00C2B65BF5000123D2E /* AdaptiveSwitchData+CoreDataClass.swift */; };
		6065A00F2B65BF5000123D2E /* AdaptiveSwitchData+CoreDataProperties.swift in Sources */ = {isa = PBXBuildFile; fileRef = 6065A00D2B65BF5000123D2E /* AdaptiveSwitchData+CoreDataProperties.swift */; };
		6065A0112B65BF8000123D2E /* AdaptiveSwitchDataController.swift in Sources */ = {isa = PBXBuildFile; fileRef = 6065A0102B65BF8000123D2E /* AdaptiveSwitchDataController.swift */; };
		6065A0132B65C15F00123D2E /* Persistence.swift in Sources */ = {isa = PBXBuildFile; fileRef = 6065A0122B65C15F00123D2E /* Persistence.swift */; };
		6081C0AB2B6C8F29009D3411 /* NetworkManager.swift in Sources */ = {isa = PBXBuildFile; fileRef = 6081C0AA2B6C8F29009D3411 /* NetworkManager.swift */; };
		6081C0AD2B6C8F5D009D3411 /* AppetizerModel.swift in Sources */ = {isa = PBXBuildFile; fileRef = 6081C0AC2B6C8F5D009D3411 /* AppetizerModel.swift */; };
		6081C0B02B6C8FAF009D3411 /* String+Extension.swift in Sources */ = {isa = PBXBuildFile; fileRef = 6081C0AF2B6C8FAF009D3411 /* String+Extension.swift */; };
		6081C0B22B6C8FD6009D3411 /* AccountViewModel.swift in Sources */ = {isa = PBXBuildFile; fileRef = 6081C0B12B6C8FD6009D3411 /* AccountViewModel.swift */; };
		6081C0B42B6C8FE1009D3411 /* OrderViewModel.swift in Sources */ = {isa = PBXBuildFile; fileRef = 6081C0B32B6C8FE1009D3411 /* OrderViewModel.swift */; };
		6081C0B62B6C908F009D3411 /* AlertItem.swift in Sources */ = {isa = PBXBuildFile; fileRef = 6081C0B52B6C908F009D3411 /* AlertItem.swift */; };
		608884192B6DA54500FC2C4E /* ImageUtilities.swift in Sources */ = {isa = PBXBuildFile; fileRef = 608884182B6DA54500FC2C4E /* ImageUtilities.swift */; };
		6088841B2B6DA73D00FC2C4E /* Color+Extension.swift in Sources */ = {isa = PBXBuildFile; fileRef = 6088841A2B6DA73D00FC2C4E /* Color+Extension.swift */; };
		6088841D2B6DD7A600FC2C4E /* GeometryView.swift in Sources */ = {isa = PBXBuildFile; fileRef = 6088841C2B6DD7A600FC2C4E /* GeometryView.swift */; };
		6088841F2B6DDA1700FC2C4E /* DraggableJiraView.swift in Sources */ = {isa = PBXBuildFile; fileRef = 6088841E2B6DDA1700FC2C4E /* DraggableJiraView.swift */; };
		608884262B70487C00FC2C4E /* Jira.swift in Sources */ = {isa = PBXBuildFile; fileRef = 608884252B70487C00FC2C4E /* Jira.swift */; };
		608884282B70557D00FC2C4E /* DraggableJiraModel.swift in Sources */ = {isa = PBXBuildFile; fileRef = 608884272B70557D00FC2C4E /* DraggableJiraModel.swift */; };
		6088842A2B7055A100FC2C4E /* DraggableJiraViewModel.swift in Sources */ = {isa = PBXBuildFile; fileRef = 608884292B7055A100FC2C4E /* DraggableJiraViewModel.swift */; };
		6088842C2B7055EA00FC2C4E /* DraggableView.swift in Sources */ = {isa = PBXBuildFile; fileRef = 6088842B2B7055EA00FC2C4E /* DraggableView.swift */; };
		60CD863E2B674C9500003533 /* ConversionView.swift in Sources */ = {isa = PBXBuildFile; fileRef = 60CD863D2B674C9500003533 /* ConversionView.swift */; };
		60CD86402B675F6300003533 /* AppetizerViewModel.swift in Sources */ = {isa = PBXBuildFile; fileRef = 60CD863F2B675F6300003533 /* AppetizerViewModel.swift */; };
		60FC12F82B680E120022277A /* SafariView.swift in Sources */ = {isa = PBXBuildFile; fileRef = 60FC12F72B680E120022277A /* SafariView.swift */; };
		60FC12FC2B6821000022277A /* ListAppleFrameworkView.swift in Sources */ = {isa = PBXBuildFile; fileRef = 60FC12FB2B6821000022277A /* ListAppleFrameworkView.swift */; };
		60FC12FE2B6824670022277A /* DetailListFrameworkView.swift in Sources */ = {isa = PBXBuildFile; fileRef = 60FC12FD2B6824670022277A /* DetailListFrameworkView.swift */; };
		60FC13002B686EB60022277A /* BarcodeScanner.swift in Sources */ = {isa = PBXBuildFile; fileRef = 60FC12FF2B686EB60022277A /* BarcodeScanner.swift */; };
		60FC13022B68715A0022277A /* ScannerVC.swift in Sources */ = {isa = PBXBuildFile; fileRef = 60FC13012B68715A0022277A /* ScannerVC.swift */; };
		60FC13042B6876DB0022277A /* ScannerView.swift in Sources */ = {isa = PBXBuildFile; fileRef = 60FC13032B6876DB0022277A /* ScannerView.swift */; };
/* End PBXBuildFile section */

/* Begin PBXContainerItemProxy section */
		6025816C2B5F87E00015816D /* PBXContainerItemProxy */ = {
			isa = PBXContainerItemProxy;
			containerPortal = 6025814E2B5F87DE0015816D /* Project object */;
			proxyType = 1;
			remoteGlobalIDString = 602581552B5F87DE0015816D;
			remoteInfo = SwiftUIMiniProjects;
		};
		602581762B5F87E00015816D /* PBXContainerItemProxy */ = {
			isa = PBXContainerItemProxy;
			containerPortal = 6025814E2B5F87DE0015816D /* Project object */;
			proxyType = 1;
			remoteGlobalIDString = 602581552B5F87DE0015816D;
			remoteInfo = SwiftUIMiniProjects;
		};
/* End PBXContainerItemProxy section */

/* Begin PBXFileReference section */
		60210B7D2B6982B800F25995 /* ConversionViewModel.swift */ = {isa = PBXFileReference; lastKnownFileType = sourcecode.swift; path = ConversionViewModel.swift; sourceTree = "<group>"; };
		60210B7F2B69843A00F25995 /* AppetizerTabView.swift */ = {isa = PBXFileReference; lastKnownFileType = sourcecode.swift; path = AppetizerTabView.swift; sourceTree = "<group>"; };
		60210B812B69845A00F25995 /* AppetizerView.swift */ = {isa = PBXFileReference; lastKnownFileType = sourcecode.swift; path = AppetizerView.swift; sourceTree = "<group>"; };
		60210B832B69846300F25995 /* AccountView.swift */ = {isa = PBXFileReference; lastKnownFileType = sourcecode.swift; path = AccountView.swift; sourceTree = "<group>"; };
		60210B852B69846B00F25995 /* OrderView.swift */ = {isa = PBXFileReference; lastKnownFileType = sourcecode.swift; path = OrderView.swift; sourceTree = "<group>"; };
		602581562B5F87DE0015816D /* SwiftUIMiniProjects.app */ = {isa = PBXFileReference; explicitFileType = wrapper.application; includeInIndex = 0; path = SwiftUIMiniProjects.app; sourceTree = BUILT_PRODUCTS_DIR; };
		602581592B5F87DE0015816D /* SwiftUIMiniProjectsApp.swift */ = {isa = PBXFileReference; lastKnownFileType = sourcecode.swift; path = SwiftUIMiniProjectsApp.swift; sourceTree = "<group>"; };
		6025815B2B5F87DE0015816D /* WeatherAppView.swift */ = {isa = PBXFileReference; lastKnownFileType = sourcecode.swift; path = WeatherAppView.swift; sourceTree = "<group>"; };
		6025815D2B5F87E00015816D /* Assets.xcassets */ = {isa = PBXFileReference; lastKnownFileType = folder.assetcatalog; path = Assets.xcassets; sourceTree = "<group>"; };
		602581602B5F87E00015816D /* Preview Assets.xcassets */ = {isa = PBXFileReference; lastKnownFileType = folder.assetcatalog; path = "Preview Assets.xcassets"; sourceTree = "<group>"; };
		6025816B2B5F87E00015816D /* SwiftUIMiniProjectsTests.xctest */ = {isa = PBXFileReference; explicitFileType = wrapper.cfbundle; includeInIndex = 0; path = SwiftUIMiniProjectsTests.xctest; sourceTree = BUILT_PRODUCTS_DIR; };
		6025816F2B5F87E00015816D /* SwiftUIMiniProjectsTests.swift */ = {isa = PBXFileReference; lastKnownFileType = sourcecode.swift; path = SwiftUIMiniProjectsTests.swift; sourceTree = "<group>"; };
		602581752B5F87E00015816D /* SwiftUIMiniProjectsUITests.xctest */ = {isa = PBXFileReference; explicitFileType = wrapper.cfbundle; includeInIndex = 0; path = SwiftUIMiniProjectsUITests.xctest; sourceTree = BUILT_PRODUCTS_DIR; };
		602581792B5F87E00015816D /* SwiftUIMiniProjectsUITests.swift */ = {isa = PBXFileReference; lastKnownFileType = sourcecode.swift; path = SwiftUIMiniProjectsUITests.swift; sourceTree = "<group>"; };
		6025817B2B5F87E00015816D /* SwiftUIMiniProjectsUITestsLaunchTests.swift */ = {isa = PBXFileReference; lastKnownFileType = sourcecode.swift; path = SwiftUIMiniProjectsUITestsLaunchTests.swift; sourceTree = "<group>"; };
		602581882B5F88290015816D /* GridAppleFrameworkView.swift */ = {isa = PBXFileReference; lastKnownFileType = sourcecode.swift; path = GridAppleFrameworkView.swift; sourceTree = "<group>"; };
		6025818A2B5F88BF0015816D /* AppleFrameworkModel.swift */ = {isa = PBXFileReference; lastKnownFileType = sourcecode.swift; path = AppleFrameworkModel.swift; sourceTree = "<group>"; };
		6025818C2B5F8FEB0015816D /* DetailFrameworkView.swift */ = {isa = PBXFileReference; lastKnownFileType = sourcecode.swift; path = DetailFrameworkView.swift; sourceTree = "<group>"; };
		6025818E2B5F98990015816D /* AppleFrameworkViewModel.swift */ = {isa = PBXFileReference; lastKnownFileType = sourcecode.swift; path = AppleFrameworkViewModel.swift; sourceTree = "<group>"; };
		6044C8542B6743ED006CE937 /* AdaptiveSwitchViewModel.swift */ = {isa = PBXFileReference; lastKnownFileType = sourcecode.swift; path = AdaptiveSwitchViewModel.swift; sourceTree = "<group>"; };
		60659FF32B61BF1600123D2E /* CocktailEntryVC.swift */ = {isa = PBXFileReference; lastKnownFileType = sourcecode.swift; path = CocktailEntryVC.swift; sourceTree = "<group>"; };
		60659FF72B61BF9500123D2E /* CocktailModel.swift */ = {isa = PBXFileReference; lastKnownFileType = sourcecode.swift; path = CocktailModel.swift; sourceTree = "<group>"; };
		60659FF92B61D33300123D2E /* CocktailDetailScreen.swift */ = {isa = PBXFileReference; lastKnownFileType = sourcecode.swift; path = CocktailDetailScreen.swift; sourceTree = "<group>"; };
		60659FFB2B65110B00123D2E /* AdaptiveSwitchCaseView.swift */ = {isa = PBXFileReference; lastKnownFileType = sourcecode.swift; path = AdaptiveSwitchCaseView.swift; sourceTree = "<group>"; };
		6065A00A2B65BEEA00123D2E /* SwitchModel.xcdatamodel */ = {isa = PBXFileReference; lastKnownFileType = wrapper.xcdatamodel; path = SwitchModel.xcdatamodel; sourceTree = "<group>"; };
		6065A00C2B65BF5000123D2E /* AdaptiveSwitchData+CoreDataClass.swift */ = {isa = PBXFileReference; lastKnownFileType = sourcecode.swift; path = "AdaptiveSwitchData+CoreDataClass.swift"; sourceTree = "<group>"; };
		6065A00D2B65BF5000123D2E /* AdaptiveSwitchData+CoreDataProperties.swift */ = {isa = PBXFileReference; lastKnownFileType = sourcecode.swift; path = "AdaptiveSwitchData+CoreDataProperties.swift"; sourceTree = "<group>"; };
		6065A0102B65BF8000123D2E /* AdaptiveSwitchDataController.swift */ = {isa = PBXFileReference; lastKnownFileType = sourcecode.swift; path = AdaptiveSwitchDataController.swift; sourceTree = "<group>"; };
		6065A0122B65C15F00123D2E /* Persistence.swift */ = {isa = PBXFileReference; lastKnownFileType = sourcecode.swift; path = Persistence.swift; sourceTree = "<group>"; };
		6081C0AA2B6C8F29009D3411 /* NetworkManager.swift */ = {isa = PBXFileReference; lastKnownFileType = sourcecode.swift; path = NetworkManager.swift; sourceTree = "<group>"; };
		6081C0AC2B6C8F5D009D3411 /* AppetizerModel.swift */ = {isa = PBXFileReference; lastKnownFileType = sourcecode.swift; path = AppetizerModel.swift; sourceTree = "<group>"; };
		6081C0AF2B6C8FAF009D3411 /* String+Extension.swift */ = {isa = PBXFileReference; lastKnownFileType = sourcecode.swift; path = "String+Extension.swift"; sourceTree = "<group>"; };
		6081C0B12B6C8FD6009D3411 /* AccountViewModel.swift */ = {isa = PBXFileReference; lastKnownFileType = sourcecode.swift; path = AccountViewModel.swift; sourceTree = "<group>"; };
		6081C0B32B6C8FE1009D3411 /* OrderViewModel.swift */ = {isa = PBXFileReference; lastKnownFileType = sourcecode.swift; path = OrderViewModel.swift; sourceTree = "<group>"; };
		6081C0B52B6C908F009D3411 /* AlertItem.swift */ = {isa = PBXFileReference; lastKnownFileType = sourcecode.swift; path = AlertItem.swift; sourceTree = "<group>"; };
		608884182B6DA54500FC2C4E /* ImageUtilities.swift */ = {isa = PBXFileReference; lastKnownFileType = sourcecode.swift; path = ImageUtilities.swift; sourceTree = "<group>"; };
		6088841A2B6DA73D00FC2C4E /* Color+Extension.swift */ = {isa = PBXFileReference; lastKnownFileType = sourcecode.swift; path = "Color+Extension.swift"; sourceTree = "<group>"; };
		6088841C2B6DD7A600FC2C4E /* GeometryView.swift */ = {isa = PBXFileReference; lastKnownFileType = sourcecode.swift; path = GeometryView.swift; sourceTree = "<group>"; };
		6088841E2B6DDA1700FC2C4E /* DraggableJiraView.swift */ = {isa = PBXFileReference; lastKnownFileType = sourcecode.swift; path = DraggableJiraView.swift; sourceTree = "<group>"; };
		608884242B6F5AAC00FC2C4E /* Info.plist */ = {isa = PBXFileReference; lastKnownFileType = text.plist; path = Info.plist; sourceTree = "<group>"; };
		608884252B70487C00FC2C4E /* Jira.swift */ = {isa = PBXFileReference; lastKnownFileType = sourcecode.swift; path = Jira.swift; sourceTree = "<group>"; };
		608884272B70557D00FC2C4E /* DraggableJiraModel.swift */ = {isa = PBXFileReference; lastKnownFileType = sourcecode.swift; path = DraggableJiraModel.swift; sourceTree = "<group>"; };
		608884292B7055A100FC2C4E /* DraggableJiraViewModel.swift */ = {isa = PBXFileReference; lastKnownFileType = sourcecode.swift; path = DraggableJiraViewModel.swift; sourceTree = "<group>"; };
		6088842B2B7055EA00FC2C4E /* DraggableView.swift */ = {isa = PBXFileReference; lastKnownFileType = sourcecode.swift; path = DraggableView.swift; sourceTree = "<group>"; };
		60CD863D2B674C9500003533 /* ConversionView.swift */ = {isa = PBXFileReference; lastKnownFileType = sourcecode.swift; path = ConversionView.swift; sourceTree = "<group>"; };
		60CD863F2B675F6300003533 /* AppetizerViewModel.swift */ = {isa = PBXFileReference; lastKnownFileType = sourcecode.swift; path = AppetizerViewModel.swift; sourceTree = "<group>"; };
		60FC12F72B680E120022277A /* SafariView.swift */ = {isa = PBXFileReference; lastKnownFileType = sourcecode.swift; path = SafariView.swift; sourceTree = "<group>"; };
		60FC12FB2B6821000022277A /* ListAppleFrameworkView.swift */ = {isa = PBXFileReference; lastKnownFileType = sourcecode.swift; path = ListAppleFrameworkView.swift; sourceTree = "<group>"; };
		60FC12FD2B6824670022277A /* DetailListFrameworkView.swift */ = {isa = PBXFileReference; lastKnownFileType = sourcecode.swift; path = DetailListFrameworkView.swift; sourceTree = "<group>"; };
		60FC12FF2B686EB60022277A /* BarcodeScanner.swift */ = {isa = PBXFileReference; lastKnownFileType = sourcecode.swift; path = BarcodeScanner.swift; sourceTree = "<group>"; };
		60FC13012B68715A0022277A /* ScannerVC.swift */ = {isa = PBXFileReference; lastKnownFileType = sourcecode.swift; path = ScannerVC.swift; sourceTree = "<group>"; };
		60FC13032B6876DB0022277A /* ScannerView.swift */ = {isa = PBXFileReference; lastKnownFileType = sourcecode.swift; path = ScannerView.swift; sourceTree = "<group>"; };
/* End PBXFileReference section */

/* Begin PBXFrameworksBuildPhase section */
		602581532B5F87DE0015816D /* Frameworks */ = {
			isa = PBXFrameworksBuildPhase;
			buildActionMask = 2147483647;
			files = (
			);
			runOnlyForDeploymentPostprocessing = 0;
		};
		602581682B5F87E00015816D /* Frameworks */ = {
			isa = PBXFrameworksBuildPhase;
			buildActionMask = 2147483647;
			files = (
			);
			runOnlyForDeploymentPostprocessing = 0;
		};
		602581722B5F87E00015816D /* Frameworks */ = {
			isa = PBXFrameworksBuildPhase;
			buildActionMask = 2147483647;
			files = (
			);
			runOnlyForDeploymentPostprocessing = 0;
		};
/* End PBXFrameworksBuildPhase section */

/* Begin PBXGroup section */
		60210B7C2B697FAF00F25995 /* Appetizers */ = {
			isa = PBXGroup;
			children = (
				60210B7F2B69843A00F25995 /* AppetizerTabView.swift */,
				6081C0A82B6C8E49009D3411 /* Model */,
				6081C0A72B6C8E33009D3411 /* ViewModel */,
				6081C0A42B6C8DD3009D3411 /* View */,
			);
			path = Appetizers;
			sourceTree = "<group>";
		};
		6025814D2B5F87DE0015816D = {
			isa = PBXGroup;
			children = (
				602581582B5F87DE0015816D /* SwiftUIMiniProjects */,
				6025816E2B5F87E00015816D /* SwiftUIMiniProjectsTests */,
				602581782B5F87E00015816D /* SwiftUIMiniProjectsUITests */,
				602581572B5F87DE0015816D /* Products */,
			);
			sourceTree = "<group>";
		};
		602581572B5F87DE0015816D /* Products */ = {
			isa = PBXGroup;
			children = (
				602581562B5F87DE0015816D /* SwiftUIMiniProjects.app */,
				6025816B2B5F87E00015816D /* SwiftUIMiniProjectsTests.xctest */,
				602581752B5F87E00015816D /* SwiftUIMiniProjectsUITests.xctest */,
			);
			name = Products;
			sourceTree = "<group>";
		};
		602581582B5F87DE0015816D /* SwiftUIMiniProjects */ = {
			isa = PBXGroup;
			children = (
				608884242B6F5AAC00FC2C4E /* Info.plist */,
				602581592B5F87DE0015816D /* SwiftUIMiniProjectsApp.swift */,
				608884322B70643B00FC2C4E /* GeometryReaders */,
				6088842D2B70562A00FC2C4E /* Jira */,
				6081C0AE2B6C8F9B009D3411 /* Utilities */,
				60210B7C2B697FAF00F25995 /* Appetizers */,
				60FC13062B68844E0022277A /* Conversion */,
				6044C8532B66F43D006CE937 /* AdaptiveControl */,
				60659FEE2B61BCB700123D2E /* AppleFramework */,
				60FC13052B6884300022277A /* BarcodeScanner */,
				60659FF22B61BEDC00123D2E /* CocktailAPI */,
				60659FED2B61BCA400123D2E /* Weather */,
				6065A0122B65C15F00123D2E /* Persistence.swift */,
				6025815D2B5F87E00015816D /* Assets.xcassets */,
				6065A0092B65BEEA00123D2E /* SwitchModel.xcdatamodeld */,
				6025815F2B5F87E00015816D /* Preview Content */,
			);
			path = SwiftUIMiniProjects;
			sourceTree = "<group>";
		};
		6025815F2B5F87E00015816D /* Preview Content */ = {
			isa = PBXGroup;
			children = (
				602581602B5F87E00015816D /* Preview Assets.xcassets */,
			);
			path = "Preview Content";
			sourceTree = "<group>";
		};
		6025816E2B5F87E00015816D /* SwiftUIMiniProjectsTests */ = {
			isa = PBXGroup;
			children = (
				6025816F2B5F87E00015816D /* SwiftUIMiniProjectsTests.swift */,
			);
			path = SwiftUIMiniProjectsTests;
			sourceTree = "<group>";
		};
		602581782B5F87E00015816D /* SwiftUIMiniProjectsUITests */ = {
			isa = PBXGroup;
			children = (
				602581792B5F87E00015816D /* SwiftUIMiniProjectsUITests.swift */,
				6025817B2B5F87E00015816D /* SwiftUIMiniProjectsUITestsLaunchTests.swift */,
			);
			path = SwiftUIMiniProjectsUITests;
			sourceTree = "<group>";
		};
		6044C8532B66F43D006CE937 /* AdaptiveControl */ = {
			isa = PBXGroup;
			children = (
				6044C8582B674514006CE937 /* Model */,
				6044C8572B674504006CE937 /* View */,
				6044C8562B6744DC006CE937 /* ViewModel */,
			);
			name = AdaptiveControl;
			sourceTree = "<group>";
		};
		6044C8562B6744DC006CE937 /* ViewModel */ = {
			isa = PBXGroup;
			children = (
				6044C8542B6743ED006CE937 /* AdaptiveSwitchViewModel.swift */,
			);
			name = ViewModel;
			sourceTree = "<group>";
		};
		6044C8572B674504006CE937 /* View */ = {
			isa = PBXGroup;
			children = (
				60659FFB2B65110B00123D2E /* AdaptiveSwitchCaseView.swift */,
			);
			name = View;
			sourceTree = "<group>";
		};
		6044C8582B674514006CE937 /* Model */ = {
			isa = PBXGroup;
			children = (
				6065A00C2B65BF5000123D2E /* AdaptiveSwitchData+CoreDataClass.swift */,
				6065A00D2B65BF5000123D2E /* AdaptiveSwitchData+CoreDataProperties.swift */,
				6065A0102B65BF8000123D2E /* AdaptiveSwitchDataController.swift */,
			);
			name = Model;
			sourceTree = "<group>";
		};
		60659FED2B61BCA400123D2E /* Weather */ = {
			isa = PBXGroup;
			children = (
				6025815B2B5F87DE0015816D /* WeatherAppView.swift */,
			);
			path = Weather;
			sourceTree = "<group>";
		};
		60659FEE2B61BCB700123D2E /* AppleFramework */ = {
			isa = PBXGroup;
			children = (
				60FC12F92B6820B80022277A /* GridAppleFrameworkView */,
				60FC12FA2B6820CB0022277A /* ListAppleFrameworkView */,
			);
			path = AppleFramework;
			sourceTree = "<group>";
		};
		60659FEF2B61BCD900123D2E /* View */ = {
			isa = PBXGroup;
			children = (
				602581882B5F88290015816D /* GridAppleFrameworkView.swift */,
				6025818C2B5F8FEB0015816D /* DetailFrameworkView.swift */,
				60FC12F72B680E120022277A /* SafariView.swift */,
			);
			path = View;
			sourceTree = "<group>";
		};
		60659FF02B61BCEB00123D2E /* ViewModel */ = {
			isa = PBXGroup;
			children = (
				6025818E2B5F98990015816D /* AppleFrameworkViewModel.swift */,
			);
			path = ViewModel;
			sourceTree = "<group>";
		};
		60659FF12B61BCF500123D2E /* Model */ = {
			isa = PBXGroup;
			children = (
				6025818A2B5F88BF0015816D /* AppleFrameworkModel.swift */,
			);
			path = Model;
			sourceTree = "<group>";
		};
		60659FF22B61BEDC00123D2E /* CocktailAPI */ = {
			isa = PBXGroup;
			children = (
				60659FF62B61BF8000123D2E /* Model */,
				60659FF52B61BF7700123D2E /* View */,
			);
			path = CocktailAPI;
			sourceTree = "<group>";
		};
		60659FF52B61BF7700123D2E /* View */ = {
			isa = PBXGroup;
			children = (
				60659FF32B61BF1600123D2E /* CocktailEntryVC.swift */,
				60659FF92B61D33300123D2E /* CocktailDetailScreen.swift */,
			);
			path = View;
			sourceTree = "<group>";
		};
		60659FF62B61BF8000123D2E /* Model */ = {
			isa = PBXGroup;
			children = (
				60659FF72B61BF9500123D2E /* CocktailModel.swift */,
			);
			path = Model;
			sourceTree = "<group>";
		};
		6081C0A42B6C8DD3009D3411 /* View */ = {
			isa = PBXGroup;
			children = (
				60210B832B69846300F25995 /* AccountView.swift */,
				60210B812B69845A00F25995 /* AppetizerView.swift */,
				60210B852B69846B00F25995 /* OrderView.swift */,
			);
			path = View;
			sourceTree = "<group>";
		};
		6081C0A72B6C8E33009D3411 /* ViewModel */ = {
			isa = PBXGroup;
			children = (
				60CD863F2B675F6300003533 /* AppetizerViewModel.swift */,
				6081C0B12B6C8FD6009D3411 /* AccountViewModel.swift */,
				6081C0B32B6C8FE1009D3411 /* OrderViewModel.swift */,
			);
			path = ViewModel;
			sourceTree = "<group>";
		};
		6081C0A82B6C8E49009D3411 /* Model */ = {
			isa = PBXGroup;
			children = (
				6081C0AA2B6C8F29009D3411 /* NetworkManager.swift */,
				6081C0AC2B6C8F5D009D3411 /* AppetizerModel.swift */,
			);
			path = Model;
			sourceTree = "<group>";
		};
		6081C0AE2B6C8F9B009D3411 /* Utilities */ = {
			isa = PBXGroup;
			children = (
				6081C0AF2B6C8FAF009D3411 /* String+Extension.swift */,
				6088841A2B6DA73D00FC2C4E /* Color+Extension.swift */,
				6081C0B52B6C908F009D3411 /* AlertItem.swift */,
				608884182B6DA54500FC2C4E /* ImageUtilities.swift */,
			);
			path = Utilities;
			sourceTree = "<group>";
		};
		6088842D2B70562A00FC2C4E /* Jira */ = {
			isa = PBXGroup;
			children = (
				608884312B70566900FC2C4E /* Extra */,
				608884302B70564E00FC2C4E /* Model */,
				6088842F2B70563C00FC2C4E /* ViewModel */,
				6088842E2B70563000FC2C4E /* View */,
			);
			path = Jira;
			sourceTree = "<group>";
		};
		6088842E2B70563000FC2C4E /* View */ = {
			isa = PBXGroup;
			children = (
				6088841E2B6DDA1700FC2C4E /* DraggableJiraView.swift */,
				6088842B2B7055EA00FC2C4E /* DraggableView.swift */,
			);
			path = View;
			sourceTree = "<group>";
		};
		6088842F2B70563C00FC2C4E /* ViewModel */ = {
			isa = PBXGroup;
			children = (
				608884292B7055A100FC2C4E /* DraggableJiraViewModel.swift */,
			);
			path = ViewModel;
			sourceTree = "<group>";
		};
		608884302B70564E00FC2C4E /* Model */ = {
			isa = PBXGroup;
			children = (
				608884272B70557D00FC2C4E /* DraggableJiraModel.swift */,
			);
			path = Model;
			sourceTree = "<group>";
		};
		608884312B70566900FC2C4E /* Extra */ = {
			isa = PBXGroup;
			children = (
				608884252B70487C00FC2C4E /* Jira.swift */,
			);
			path = Extra;
			sourceTree = "<group>";
		};
		608884322B70643B00FC2C4E /* GeometryReaders */ = {
			isa = PBXGroup;
			children = (
				6088841C2B6DD7A600FC2C4E /* GeometryView.swift */,
			);
			path = GeometryReaders;
			sourceTree = "<group>";
		};
		60FC12F92B6820B80022277A /* GridAppleFrameworkView */ = {
			isa = PBXGroup;
			children = (
				60659FEF2B61BCD900123D2E /* View */,
				60659FF02B61BCEB00123D2E /* ViewModel */,
				60659FF12B61BCF500123D2E /* Model */,
			);
			path = GridAppleFrameworkView;
			sourceTree = "<group>";
		};
		60FC12FA2B6820CB0022277A /* ListAppleFrameworkView */ = {
			isa = PBXGroup;
			children = (
				60FC12FB2B6821000022277A /* ListAppleFrameworkView.swift */,
				60FC12FD2B6824670022277A /* DetailListFrameworkView.swift */,
			);
			path = ListAppleFrameworkView;
			sourceTree = "<group>";
		};
		60FC13052B6884300022277A /* BarcodeScanner */ = {
			isa = PBXGroup;
			children = (
				60FC12FF2B686EB60022277A /* BarcodeScanner.swift */,
				60FC13032B6876DB0022277A /* ScannerView.swift */,
				60FC13012B68715A0022277A /* ScannerVC.swift */,
			);
			path = BarcodeScanner;
			sourceTree = "<group>";
		};
		60FC13062B68844E0022277A /* Conversion */ = {
			isa = PBXGroup;
			children = (
				60CD863D2B674C9500003533 /* ConversionView.swift */,
				60210B7D2B6982B800F25995 /* ConversionViewModel.swift */,
			);
			path = Conversion;
			sourceTree = "<group>";
		};
/* End PBXGroup section */

/* Begin PBXNativeTarget section */
		602581552B5F87DE0015816D /* SwiftUIMiniProjects */ = {
			isa = PBXNativeTarget;
			buildConfigurationList = 6025817F2B5F87E00015816D /* Build configuration list for PBXNativeTarget "SwiftUIMiniProjects" */;
			buildPhases = (
				602581522B5F87DE0015816D /* Sources */,
				602581532B5F87DE0015816D /* Frameworks */,
				602581542B5F87DE0015816D /* Resources */,
			);
			buildRules = (
			);
			dependencies = (
			);
			name = SwiftUIMiniProjects;
			productName = SwiftUIMiniProjects;
			productReference = 602581562B5F87DE0015816D /* SwiftUIMiniProjects.app */;
			productType = "com.apple.product-type.application";
		};
		6025816A2B5F87E00015816D /* SwiftUIMiniProjectsTests */ = {
			isa = PBXNativeTarget;
			buildConfigurationList = 602581822B5F87E00015816D /* Build configuration list for PBXNativeTarget "SwiftUIMiniProjectsTests" */;
			buildPhases = (
				602581672B5F87E00015816D /* Sources */,
				602581682B5F87E00015816D /* Frameworks */,
				602581692B5F87E00015816D /* Resources */,
			);
			buildRules = (
			);
			dependencies = (
				6025816D2B5F87E00015816D /* PBXTargetDependency */,
			);
			name = SwiftUIMiniProjectsTests;
			productName = SwiftUIMiniProjectsTests;
			productReference = 6025816B2B5F87E00015816D /* SwiftUIMiniProjectsTests.xctest */;
			productType = "com.apple.product-type.bundle.unit-test";
		};
		602581742B5F87E00015816D /* SwiftUIMiniProjectsUITests */ = {
			isa = PBXNativeTarget;
			buildConfigurationList = 602581852B5F87E00015816D /* Build configuration list for PBXNativeTarget "SwiftUIMiniProjectsUITests" */;
			buildPhases = (
				602581712B5F87E00015816D /* Sources */,
				602581722B5F87E00015816D /* Frameworks */,
				602581732B5F87E00015816D /* Resources */,
			);
			buildRules = (
			);
			dependencies = (
				602581772B5F87E00015816D /* PBXTargetDependency */,
			);
			name = SwiftUIMiniProjectsUITests;
			productName = SwiftUIMiniProjectsUITests;
			productReference = 602581752B5F87E00015816D /* SwiftUIMiniProjectsUITests.xctest */;
			productType = "com.apple.product-type.bundle.ui-testing";
		};
/* End PBXNativeTarget section */

/* Begin PBXProject section */
		6025814E2B5F87DE0015816D /* Project object */ = {
			isa = PBXProject;
			attributes = {
				BuildIndependentTargetsInParallel = 1;
				LastSwiftUpdateCheck = 1430;
				LastUpgradeCheck = 1430;
				TargetAttributes = {
					602581552B5F87DE0015816D = {
						CreatedOnToolsVersion = 14.3.1;
					};
					6025816A2B5F87E00015816D = {
						CreatedOnToolsVersion = 14.3.1;
						TestTargetID = 602581552B5F87DE0015816D;
					};
					602581742B5F87E00015816D = {
						CreatedOnToolsVersion = 14.3.1;
						TestTargetID = 602581552B5F87DE0015816D;
					};
				};
			};
			buildConfigurationList = 602581512B5F87DE0015816D /* Build configuration list for PBXProject "SwiftUIMiniProjects" */;
			compatibilityVersion = "Xcode 14.0";
			developmentRegion = en;
			hasScannedForEncodings = 0;
			knownRegions = (
				en,
				Base,
			);
			mainGroup = 6025814D2B5F87DE0015816D;
			productRefGroup = 602581572B5F87DE0015816D /* Products */;
			projectDirPath = "";
			projectRoot = "";
			targets = (
				602581552B5F87DE0015816D /* SwiftUIMiniProjects */,
				6025816A2B5F87E00015816D /* SwiftUIMiniProjectsTests */,
				602581742B5F87E00015816D /* SwiftUIMiniProjectsUITests */,
			);
		};
/* End PBXProject section */

/* Begin PBXResourcesBuildPhase section */
		602581542B5F87DE0015816D /* Resources */ = {
			isa = PBXResourcesBuildPhase;
			buildActionMask = 2147483647;
			files = (
				602581612B5F87E00015816D /* Preview Assets.xcassets in Resources */,
				6025815E2B5F87E00015816D /* Assets.xcassets in Resources */,
			);
			runOnlyForDeploymentPostprocessing = 0;
		};
		602581692B5F87E00015816D /* Resources */ = {
			isa = PBXResourcesBuildPhase;
			buildActionMask = 2147483647;
			files = (
			);
			runOnlyForDeploymentPostprocessing = 0;
		};
		602581732B5F87E00015816D /* Resources */ = {
			isa = PBXResourcesBuildPhase;
			buildActionMask = 2147483647;
			files = (
			);
			runOnlyForDeploymentPostprocessing = 0;
		};
/* End PBXResourcesBuildPhase section */

/* Begin PBXSourcesBuildPhase section */
		602581522B5F87DE0015816D /* Sources */ = {
			isa = PBXSourcesBuildPhase;
			buildActionMask = 2147483647;
			files = (
				6065A0132B65C15F00123D2E /* Persistence.swift in Sources */,
				608884192B6DA54500FC2C4E /* ImageUtilities.swift in Sources */,
				6088842C2B7055EA00FC2C4E /* DraggableView.swift in Sources */,
				60659FFC2B65110B00123D2E /* AdaptiveSwitchCaseView.swift in Sources */,
				60659FF42B61BF1600123D2E /* CocktailEntryVC.swift in Sources */,
				60FC13002B686EB60022277A /* BarcodeScanner.swift in Sources */,
				60210B842B69846300F25995 /* AccountView.swift in Sources */,
				60210B862B69846B00F25995 /* OrderView.swift in Sources */,
				6025818B2B5F88BF0015816D /* AppleFrameworkModel.swift in Sources */,
				60210B802B69843A00F25995 /* AppetizerTabView.swift in Sources */,
				6065A0112B65BF8000123D2E /* AdaptiveSwitchDataController.swift in Sources */,
				6044C8552B6743ED006CE937 /* AdaptiveSwitchViewModel.swift in Sources */,
				608884262B70487C00FC2C4E /* Jira.swift in Sources */,
				60210B7E2B6982B800F25995 /* ConversionViewModel.swift in Sources */,
				602581892B5F88290015816D /* GridAppleFrameworkView.swift in Sources */,
				6081C0AB2B6C8F29009D3411 /* NetworkManager.swift in Sources */,
				6088841B2B6DA73D00FC2C4E /* Color+Extension.swift in Sources */,
				608884282B70557D00FC2C4E /* DraggableJiraModel.swift in Sources */,
				60659FF82B61BF9500123D2E /* CocktailModel.swift in Sources */,
				60FC13042B6876DB0022277A /* ScannerView.swift in Sources */,
				6025818F2B5F98990015816D /* AppleFrameworkViewModel.swift in Sources */,
				6081C0B22B6C8FD6009D3411 /* AccountViewModel.swift in Sources */,
				6088841F2B6DDA1700FC2C4E /* DraggableJiraView.swift in Sources */,
				6081C0B02B6C8FAF009D3411 /* String+Extension.swift in Sources */,
				6065A00E2B65BF5000123D2E /* AdaptiveSwitchData+CoreDataClass.swift in Sources */,
				60FC12FC2B6821000022277A /* ListAppleFrameworkView.swift in Sources */,
				6025815C2B5F87DE0015816D /* WeatherAppView.swift in Sources */,
				60FC13022B68715A0022277A /* ScannerVC.swift in Sources */,
				60210B822B69845A00F25995 /* AppetizerView.swift in Sources */,
				6088842A2B7055A100FC2C4E /* DraggableJiraViewModel.swift in Sources */,
				6065A00B2B65BEEA00123D2E /* SwitchModel.xcdatamodeld in Sources */,
				6081C0AD2B6C8F5D009D3411 /* AppetizerModel.swift in Sources */,
				60FC12F82B680E120022277A /* SafariView.swift in Sources */,
				6025815A2B5F87DE0015816D /* SwiftUIMiniProjectsApp.swift in Sources */,
				6025818D2B5F8FEB0015816D /* DetailFrameworkView.swift in Sources */,
				6088841D2B6DD7A600FC2C4E /* GeometryView.swift in Sources */,
				6081C0B62B6C908F009D3411 /* AlertItem.swift in Sources */,
				60659FFA2B61D33300123D2E /* CocktailDetailScreen.swift in Sources */,
				60FC12FE2B6824670022277A /* DetailListFrameworkView.swift in Sources */,
				6065A00F2B65BF5000123D2E /* AdaptiveSwitchData+CoreDataProperties.swift in Sources */,
				60CD863E2B674C9500003533 /* ConversionView.swift in Sources */,
				60CD86402B675F6300003533 /* AppetizerViewModel.swift in Sources */,
				6081C0B42B6C8FE1009D3411 /* OrderViewModel.swift in Sources */,
			);
			runOnlyForDeploymentPostprocessing = 0;
		};
		602581672B5F87E00015816D /* Sources */ = {
			isa = PBXSourcesBuildPhase;
			buildActionMask = 2147483647;
			files = (
				602581702B5F87E00015816D /* SwiftUIMiniProjectsTests.swift in Sources */,
			);
			runOnlyForDeploymentPostprocessing = 0;
		};
		602581712B5F87E00015816D /* Sources */ = {
			isa = PBXSourcesBuildPhase;
			buildActionMask = 2147483647;
			files = (
				6025817A2B5F87E00015816D /* SwiftUIMiniProjectsUITests.swift in Sources */,
				6025817C2B5F87E00015816D /* SwiftUIMiniProjectsUITestsLaunchTests.swift in Sources */,
			);
			runOnlyForDeploymentPostprocessing = 0;
		};
/* End PBXSourcesBuildPhase section */

/* Begin PBXTargetDependency section */
		6025816D2B5F87E00015816D /* PBXTargetDependency */ = {
			isa = PBXTargetDependency;
			target = 602581552B5F87DE0015816D /* SwiftUIMiniProjects */;
			targetProxy = 6025816C2B5F87E00015816D /* PBXContainerItemProxy */;
		};
		602581772B5F87E00015816D /* PBXTargetDependency */ = {
			isa = PBXTargetDependency;
			target = 602581552B5F87DE0015816D /* SwiftUIMiniProjects */;
			targetProxy = 602581762B5F87E00015816D /* PBXContainerItemProxy */;
		};
/* End PBXTargetDependency section */

/* Begin XCBuildConfiguration section */
		6025817D2B5F87E00015816D /* Debug */ = {
			isa = XCBuildConfiguration;
			buildSettings = {
				ALWAYS_SEARCH_USER_PATHS = NO;
				CLANG_ANALYZER_NONNULL = YES;
				CLANG_ANALYZER_NUMBER_OBJECT_CONVERSION = YES_AGGRESSIVE;
				CLANG_CXX_LANGUAGE_STANDARD = "gnu++20";
				CLANG_ENABLE_MODULES = YES;
				CLANG_ENABLE_OBJC_ARC = YES;
				CLANG_ENABLE_OBJC_WEAK = YES;
				CLANG_WARN_BLOCK_CAPTURE_AUTORELEASING = YES;
				CLANG_WARN_BOOL_CONVERSION = YES;
				CLANG_WARN_COMMA = YES;
				CLANG_WARN_CONSTANT_CONVERSION = YES;
				CLANG_WARN_DEPRECATED_OBJC_IMPLEMENTATIONS = YES;
				CLANG_WARN_DIRECT_OBJC_ISA_USAGE = YES_ERROR;
				CLANG_WARN_DOCUMENTATION_COMMENTS = YES;
				CLANG_WARN_EMPTY_BODY = YES;
				CLANG_WARN_ENUM_CONVERSION = YES;
				CLANG_WARN_INFINITE_RECURSION = YES;
				CLANG_WARN_INT_CONVERSION = YES;
				CLANG_WARN_NON_LITERAL_NULL_CONVERSION = YES;
				CLANG_WARN_OBJC_IMPLICIT_RETAIN_SELF = YES;
				CLANG_WARN_OBJC_LITERAL_CONVERSION = YES;
				CLANG_WARN_OBJC_ROOT_CLASS = YES_ERROR;
				CLANG_WARN_QUOTED_INCLUDE_IN_FRAMEWORK_HEADER = YES;
				CLANG_WARN_RANGE_LOOP_ANALYSIS = YES;
				CLANG_WARN_STRICT_PROTOTYPES = YES;
				CLANG_WARN_SUSPICIOUS_MOVE = YES;
				CLANG_WARN_UNGUARDED_AVAILABILITY = YES_AGGRESSIVE;
				CLANG_WARN_UNREACHABLE_CODE = YES;
				CLANG_WARN__DUPLICATE_METHOD_MATCH = YES;
				COPY_PHASE_STRIP = NO;
				DEBUG_INFORMATION_FORMAT = dwarf;
				ENABLE_STRICT_OBJC_MSGSEND = YES;
				ENABLE_TESTABILITY = YES;
				GCC_C_LANGUAGE_STANDARD = gnu11;
				GCC_DYNAMIC_NO_PIC = NO;
				GCC_NO_COMMON_BLOCKS = YES;
				GCC_OPTIMIZATION_LEVEL = 0;
				GCC_PREPROCESSOR_DEFINITIONS = (
					"DEBUG=1",
					"$(inherited)",
				);
				GCC_WARN_64_TO_32_BIT_CONVERSION = YES;
				GCC_WARN_ABOUT_RETURN_TYPE = YES_ERROR;
				GCC_WARN_UNDECLARED_SELECTOR = YES;
				GCC_WARN_UNINITIALIZED_AUTOS = YES_AGGRESSIVE;
				GCC_WARN_UNUSED_FUNCTION = YES;
				GCC_WARN_UNUSED_VARIABLE = YES;
				IPHONEOS_DEPLOYMENT_TARGET = 16.4;
				MTL_ENABLE_DEBUG_INFO = INCLUDE_SOURCE;
				MTL_FAST_MATH = YES;
				ONLY_ACTIVE_ARCH = YES;
				SDKROOT = iphoneos;
				SWIFT_ACTIVE_COMPILATION_CONDITIONS = DEBUG;
				SWIFT_OPTIMIZATION_LEVEL = "-Onone";
			};
			name = Debug;
		};
		6025817E2B5F87E00015816D /* Release */ = {
			isa = XCBuildConfiguration;
			buildSettings = {
				ALWAYS_SEARCH_USER_PATHS = NO;
				CLANG_ANALYZER_NONNULL = YES;
				CLANG_ANALYZER_NUMBER_OBJECT_CONVERSION = YES_AGGRESSIVE;
				CLANG_CXX_LANGUAGE_STANDARD = "gnu++20";
				CLANG_ENABLE_MODULES = YES;
				CLANG_ENABLE_OBJC_ARC = YES;
				CLANG_ENABLE_OBJC_WEAK = YES;
				CLANG_WARN_BLOCK_CAPTURE_AUTORELEASING = YES;
				CLANG_WARN_BOOL_CONVERSION = YES;
				CLANG_WARN_COMMA = YES;
				CLANG_WARN_CONSTANT_CONVERSION = YES;
				CLANG_WARN_DEPRECATED_OBJC_IMPLEMENTATIONS = YES;
				CLANG_WARN_DIRECT_OBJC_ISA_USAGE = YES_ERROR;
				CLANG_WARN_DOCUMENTATION_COMMENTS = YES;
				CLANG_WARN_EMPTY_BODY = YES;
				CLANG_WARN_ENUM_CONVERSION = YES;
				CLANG_WARN_INFINITE_RECURSION = YES;
				CLANG_WARN_INT_CONVERSION = YES;
				CLANG_WARN_NON_LITERAL_NULL_CONVERSION = YES;
				CLANG_WARN_OBJC_IMPLICIT_RETAIN_SELF = YES;
				CLANG_WARN_OBJC_LITERAL_CONVERSION = YES;
				CLANG_WARN_OBJC_ROOT_CLASS = YES_ERROR;
				CLANG_WARN_QUOTED_INCLUDE_IN_FRAMEWORK_HEADER = YES;
				CLANG_WARN_RANGE_LOOP_ANALYSIS = YES;
				CLANG_WARN_STRICT_PROTOTYPES = YES;
				CLANG_WARN_SUSPICIOUS_MOVE = YES;
				CLANG_WARN_UNGUARDED_AVAILABILITY = YES_AGGRESSIVE;
				CLANG_WARN_UNREACHABLE_CODE = YES;
				CLANG_WARN__DUPLICATE_METHOD_MATCH = YES;
				COPY_PHASE_STRIP = NO;
				DEBUG_INFORMATION_FORMAT = "dwarf-with-dsym";
				ENABLE_NS_ASSERTIONS = NO;
				ENABLE_STRICT_OBJC_MSGSEND = YES;
				GCC_C_LANGUAGE_STANDARD = gnu11;
				GCC_NO_COMMON_BLOCKS = YES;
				GCC_WARN_64_TO_32_BIT_CONVERSION = YES;
				GCC_WARN_ABOUT_RETURN_TYPE = YES_ERROR;
				GCC_WARN_UNDECLARED_SELECTOR = YES;
				GCC_WARN_UNINITIALIZED_AUTOS = YES_AGGRESSIVE;
				GCC_WARN_UNUSED_FUNCTION = YES;
				GCC_WARN_UNUSED_VARIABLE = YES;
				IPHONEOS_DEPLOYMENT_TARGET = 16.4;
				MTL_ENABLE_DEBUG_INFO = NO;
				MTL_FAST_MATH = YES;
				SDKROOT = iphoneos;
				SWIFT_COMPILATION_MODE = wholemodule;
				SWIFT_OPTIMIZATION_LEVEL = "-O";
				VALIDATE_PRODUCT = YES;
			};
			name = Release;
		};
		602581802B5F87E00015816D /* Debug */ = {
			isa = XCBuildConfiguration;
			buildSettings = {
				ASSETCATALOG_COMPILER_APPICON_NAME = AppIcon;
				ASSETCATALOG_COMPILER_GLOBAL_ACCENT_COLOR_NAME = AccentColor;
				CODE_SIGN_STYLE = Automatic;
				CURRENT_PROJECT_VERSION = 1;
				DEVELOPMENT_ASSET_PATHS = "\"SwiftUIMiniProjects/Preview Content\"";
				DEVELOPMENT_TEAM = Q2QM7U4MAB;
				ENABLE_PREVIEWS = YES;
				GENERATE_INFOPLIST_FILE = YES;
				INFOPLIST_FILE = SwiftUIMiniProjects/Info.plist;
				INFOPLIST_KEY_NSCameraUsageDescription = "We need to use camera to scan a barcode";
				INFOPLIST_KEY_UIApplicationSceneManifest_Generation = YES;
				INFOPLIST_KEY_UIApplicationSupportsIndirectInputEvents = YES;
				INFOPLIST_KEY_UILaunchScreen_Generation = YES;
				INFOPLIST_KEY_UISupportedInterfaceOrientations_iPad = "UIInterfaceOrientationPortrait UIInterfaceOrientationPortraitUpsideDown UIInterfaceOrientationLandscapeLeft UIInterfaceOrientationLandscapeRight";
				INFOPLIST_KEY_UISupportedInterfaceOrientations_iPhone = "UIInterfaceOrientationPortrait UIInterfaceOrientationLandscapeLeft UIInterfaceOrientationLandscapeRight";
				LD_RUNPATH_SEARCH_PATHS = (
					"$(inherited)",
					"@executable_path/Frameworks",
				);
				MARKETING_VERSION = 1.0;
				PRODUCT_BUNDLE_IDENTIFIER = SD.SwiftUIMiniProjects;
				PRODUCT_NAME = "$(TARGET_NAME)";
				SWIFT_EMIT_LOC_STRINGS = YES;
				SWIFT_VERSION = 5.0;
				TARGETED_DEVICE_FAMILY = "1,2";
			};
			name = Debug;
		};
		602581812B5F87E00015816D /* Release */ = {
			isa = XCBuildConfiguration;
			buildSettings = {
				ASSETCATALOG_COMPILER_APPICON_NAME = AppIcon;
				ASSETCATALOG_COMPILER_GLOBAL_ACCENT_COLOR_NAME = AccentColor;
				CODE_SIGN_STYLE = Automatic;
				CURRENT_PROJECT_VERSION = 1;
				DEVELOPMENT_ASSET_PATHS = "\"SwiftUIMiniProjects/Preview Content\"";
				DEVELOPMENT_TEAM = Q2QM7U4MAB;
				ENABLE_PREVIEWS = YES;
				GENERATE_INFOPLIST_FILE = YES;
				INFOPLIST_FILE = SwiftUIMiniProjects/Info.plist;
				INFOPLIST_KEY_NSCameraUsageDescription = "We need to use camera to scan a barcode";
				INFOPLIST_KEY_UIApplicationSceneManifest_Generation = YES;
				INFOPLIST_KEY_UIApplicationSupportsIndirectInputEvents = YES;
				INFOPLIST_KEY_UILaunchScreen_Generation = YES;
				INFOPLIST_KEY_UISupportedInterfaceOrientations_iPad = "UIInterfaceOrientationPortrait UIInterfaceOrientationPortraitUpsideDown UIInterfaceOrientationLandscapeLeft UIInterfaceOrientationLandscapeRight";
				INFOPLIST_KEY_UISupportedInterfaceOrientations_iPhone = "UIInterfaceOrientationPortrait UIInterfaceOrientationLandscapeLeft UIInterfaceOrientationLandscapeRight";
				LD_RUNPATH_SEARCH_PATHS = (
					"$(inherited)",
					"@executable_path/Frameworks",
				);
				MARKETING_VERSION = 1.0;
				PRODUCT_BUNDLE_IDENTIFIER = SD.SwiftUIMiniProjects;
				PRODUCT_NAME = "$(TARGET_NAME)";
				SWIFT_EMIT_LOC_STRINGS = YES;
				SWIFT_VERSION = 5.0;
				TARGETED_DEVICE_FAMILY = "1,2";
			};
			name = Release;
		};
		602581832B5F87E00015816D /* Debug */ = {
			isa = XCBuildConfiguration;
			buildSettings = {
				ALWAYS_EMBED_SWIFT_STANDARD_LIBRARIES = YES;
				BUNDLE_LOADER = "$(TEST_HOST)";
				CODE_SIGN_STYLE = Automatic;
				CURRENT_PROJECT_VERSION = 1;
				DEVELOPMENT_TEAM = Q2QM7U4MAB;
				GENERATE_INFOPLIST_FILE = YES;
				IPHONEOS_DEPLOYMENT_TARGET = 16.4;
				MARKETING_VERSION = 1.0;
				PRODUCT_BUNDLE_IDENTIFIER = SD.SwiftUIMiniProjectsTests;
				PRODUCT_NAME = "$(TARGET_NAME)";
				SWIFT_EMIT_LOC_STRINGS = NO;
				SWIFT_VERSION = 5.0;
				TARGETED_DEVICE_FAMILY = "1,2";
				TEST_HOST = "$(BUILT_PRODUCTS_DIR)/SwiftUIMiniProjects.app/$(BUNDLE_EXECUTABLE_FOLDER_PATH)/SwiftUIMiniProjects";
			};
			name = Debug;
		};
		602581842B5F87E00015816D /* Release */ = {
			isa = XCBuildConfiguration;
			buildSettings = {
				ALWAYS_EMBED_SWIFT_STANDARD_LIBRARIES = YES;
				BUNDLE_LOADER = "$(TEST_HOST)";
				CODE_SIGN_STYLE = Automatic;
				CURRENT_PROJECT_VERSION = 1;
				DEVELOPMENT_TEAM = Q2QM7U4MAB;
				GENERATE_INFOPLIST_FILE = YES;
				IPHONEOS_DEPLOYMENT_TARGET = 16.4;
				MARKETING_VERSION = 1.0;
				PRODUCT_BUNDLE_IDENTIFIER = SD.SwiftUIMiniProjectsTests;
				PRODUCT_NAME = "$(TARGET_NAME)";
				SWIFT_EMIT_LOC_STRINGS = NO;
				SWIFT_VERSION = 5.0;
				TARGETED_DEVICE_FAMILY = "1,2";
				TEST_HOST = "$(BUILT_PRODUCTS_DIR)/SwiftUIMiniProjects.app/$(BUNDLE_EXECUTABLE_FOLDER_PATH)/SwiftUIMiniProjects";
			};
			name = Release;
		};
		602581862B5F87E00015816D /* Debug */ = {
			isa = XCBuildConfiguration;
			buildSettings = {
				ALWAYS_EMBED_SWIFT_STANDARD_LIBRARIES = YES;
				CODE_SIGN_STYLE = Automatic;
				CURRENT_PROJECT_VERSION = 1;
				DEVELOPMENT_TEAM = Q2QM7U4MAB;
				GENERATE_INFOPLIST_FILE = YES;
				MARKETING_VERSION = 1.0;
				PRODUCT_BUNDLE_IDENTIFIER = SD.SwiftUIMiniProjectsUITests;
				PRODUCT_NAME = "$(TARGET_NAME)";
				SWIFT_EMIT_LOC_STRINGS = NO;
				SWIFT_VERSION = 5.0;
				TARGETED_DEVICE_FAMILY = "1,2";
				TEST_TARGET_NAME = SwiftUIMiniProjects;
			};
			name = Debug;
		};
		602581872B5F87E00015816D /* Release */ = {
			isa = XCBuildConfiguration;
			buildSettings = {
				ALWAYS_EMBED_SWIFT_STANDARD_LIBRARIES = YES;
				CODE_SIGN_STYLE = Automatic;
				CURRENT_PROJECT_VERSION = 1;
				DEVELOPMENT_TEAM = Q2QM7U4MAB;
				GENERATE_INFOPLIST_FILE = YES;
				MARKETING_VERSION = 1.0;
				PRODUCT_BUNDLE_IDENTIFIER = SD.SwiftUIMiniProjectsUITests;
				PRODUCT_NAME = "$(TARGET_NAME)";
				SWIFT_EMIT_LOC_STRINGS = NO;
				SWIFT_VERSION = 5.0;
				TARGETED_DEVICE_FAMILY = "1,2";
				TEST_TARGET_NAME = SwiftUIMiniProjects;
			};
			name = Release;
		};
/* End XCBuildConfiguration section */

/* Begin XCConfigurationList section */
		602581512B5F87DE0015816D /* Build configuration list for PBXProject "SwiftUIMiniProjects" */ = {
			isa = XCConfigurationList;
			buildConfigurations = (
				6025817D2B5F87E00015816D /* Debug */,
				6025817E2B5F87E00015816D /* Release */,
			);
			defaultConfigurationIsVisible = 0;
			defaultConfigurationName = Release;
		};
		6025817F2B5F87E00015816D /* Build configuration list for PBXNativeTarget "SwiftUIMiniProjects" */ = {
			isa = XCConfigurationList;
			buildConfigurations = (
				602581802B5F87E00015816D /* Debug */,
				602581812B5F87E00015816D /* Release */,
			);
			defaultConfigurationIsVisible = 0;
			defaultConfigurationName = Release;
		};
		602581822B5F87E00015816D /* Build configuration list for PBXNativeTarget "SwiftUIMiniProjectsTests" */ = {
			isa = XCConfigurationList;
			buildConfigurations = (
				602581832B5F87E00015816D /* Debug */,
				602581842B5F87E00015816D /* Release */,
			);
			defaultConfigurationIsVisible = 0;
			defaultConfigurationName = Release;
		};
		602581852B5F87E00015816D /* Build configuration list for PBXNativeTarget "SwiftUIMiniProjectsUITests" */ = {
			isa = XCConfigurationList;
			buildConfigurations = (
				602581862B5F87E00015816D /* Debug */,
				602581872B5F87E00015816D /* Release */,
			);
			defaultConfigurationIsVisible = 0;
			defaultConfigurationName = Release;
		};
/* End XCConfigurationList section */

/* Begin XCVersionGroup section */
		6065A0092B65BEEA00123D2E /* SwitchModel.xcdatamodeld */ = {
			isa = XCVersionGroup;
			children = (
				6065A00A2B65BEEA00123D2E /* SwitchModel.xcdatamodel */,
			);
			currentVersion = 6065A00A2B65BEEA00123D2E /* SwitchModel.xcdatamodel */;
			path = SwitchModel.xcdatamodeld;
			sourceTree = "<group>";
			versionGroupType = wrapper.xcdatamodel;
		};
/* End XCVersionGroup section */
	};
	rootObject = 6025814E2B5F87DE0015816D /* Project object */;
}
